
Microsoft Visual Studio Solution File, Format Version 12.00
# Visual Studio Version 16
VisualStudioVersion = 16.0.30330.147
MinimumVisualStudioVersion = 10.0.40219.1
Project("{FAE04EC0-301F-11D3-BF4B-00C04F79EFBC}") = "BicycleHost", "BicycleHost.csproj", "{6EE64B41-3E1E-47EE-BA92-1974562C6B9E}"
EndProject
Global
	GlobalSection(SolutionConfigurationPlatforms) = preSolution
		Debug|Any CPU = Debug|Any CPU
		Release|Any CPU = Release|Any CPU
	EndGlobalSection
	GlobalSection(ProjectConfigurationPlatforms) = postSolution
		{6EE64B41-3E1E-47EE-BA92-1974562C6B9E}.Debug|Any CPU.ActiveCfg = Debug|Any CPU
		{6EE64B41-3E1E-47EE-BA92-1974562C6B9E}.Debug|Any CPU.Build.0 = Debug|Any CPU
		{6EE64B41-3E1E-47EE-BA92-1974562C6B9E}.Release|Any CPU.ActiveCfg = Release|Any CPU
		{6EE64B41-3E1E-47EE-BA92-1974562C6B9E}.Release|Any CPU.Build.0 = Release|Any CPU
	EndGlobalSection
	GlobalSection(SolutionProperties) = preSolution
		HideSolutionNode = FALSE
	EndGlobalSection
	GlobalSection(ExtensibilityGlobals) = postSolution
		SolutionGuid = {123F55F4-5F1C-44FC-A89E-83C394C4B841}
	EndGlobalSection
EndGlobal
